
Microsoft Visual Studio Solution File, Format Version 12.00
# Visual Studio Version 17
VisualStudioVersion = 17.7.34024.191
MinimumVisualStudioVersion = 10.0.40219.1
Project("{888888A0-9F3D-457C-B088-3A5042F75D52}") = "project", "project\project.pyproj", "{D4E9EC1D-883D-4F6F-A618-5DC8663EA2BE}"
EndProject
Global
	GlobalSection(SolutionConfigurationPlatforms) = preSolution
		Debug|Any CPU = Debug|Any CPU
		Release|Any CPU = Release|Any CPU
	EndGlobalSection
	GlobalSection(ProjectConfigurationPlatforms) = postSolution
		{D4E9EC1D-883D-4F6F-A618-5DC8663EA2BE}.Debug|Any CPU.ActiveCfg = Debug|Any CPU
		{D4E9EC1D-883D-4F6F-A618-5DC8663EA2BE}.Release|Any CPU.ActiveCfg = Release|Any CPU
	EndGlobalSection
	GlobalSection(SolutionProperties) = preSolution
		HideSolutionNode = FALSE
	EndGlobalSection
	GlobalSection(ExtensibilityGlobals) = postSolution
		SolutionGuid = {631F5FB6-FD23-4E8C-BF18-E635C35340D3}
	EndGlobalSection
EndGlobal
